
Microsoft Visual Studio Solution File, Format Version 12.00
# Visual Studio Version 17
VisualStudioVersion = 17.13.35825.156 d17.13
MinimumVisualStudioVersion = 10.0.40219.1
Project("{FAE04EC0-301F-11D3-BF4B-00C04F79EFBC}") = "KuzuDB-core", "KuzuDB-core.csproj", "{C343C0A1-674E-4D28-9AFC-7E8F5AC1C7DA}"
EndProject
Global
	GlobalSection(SolutionConfigurationPlatforms) = preSolution
		Debug|Any CPU = Debug|Any CPU
		Release|Any CPU = Release|Any CPU
	EndGlobalSection
	GlobalSection(ProjectConfigurationPlatforms) = postSolution
		{C343C0A1-674E-4D28-9AFC-7E8F5AC1C7DA}.Debug|Any CPU.ActiveCfg = Debug|Any CPU
		{C343C0A1-674E-4D28-9AFC-7E8F5AC1C7DA}.Debug|Any CPU.Build.0 = Debug|Any CPU
		{C343C0A1-674E-4D28-9AFC-7E8F5AC1C7DA}.Release|Any CPU.ActiveCfg = Release|Any CPU
		{C343C0A1-674E-4D28-9AFC-7E8F5AC1C7DA}.Release|Any CPU.Build.0 = Release|Any CPU
	EndGlobalSection
	GlobalSection(SolutionProperties) = preSolution
		HideSolutionNode = FALSE
	EndGlobalSection
	GlobalSection(ExtensibilityGlobals) = postSolution
		SolutionGuid = {3CE1FC1A-4441-4661-833D-A0634AA66938}
	EndGlobalSection
EndGlobal
